import streamlit as st
import pandas as pd
import re
import os
import math
import numpy as np
from datetime import datetime

# ======================================================
# 🚀 1. ページ構成・UI設定
# ======================================================
st.set_page_config(page_title="Kanaloa AI Pro", layout="wide")

st.markdown("""
    <style>
    .main { background-color: #f8f9fa; }
    .stButton>button { border-radius: 8px; font-weight: bold; background-color: #28a745; color: white; }
    div[data-testid="stExpander"] { background-color: white; border-radius: 8px; box-shadow: 0 2px 4px rgba(0,0,0,0.05); }
    </style>
    """, unsafe_allow_html=True)

st.title("🏇 Kanaloa AI Pro：完全ブラウザ完結モデル")
st.caption(f"実行時刻: {datetime.now().strftime('%Y/%m/%d %H:%M')}")

# ======================================================
# ⚙️ 2. 設定・定数（ベイズ学習エンジン）
# ======================================================
HISTORY_FILE = 'kanaloa_investment_log.csv'

base_weights = {
    "黄金A(ディープ)": 35, "黄金B(クロフネ)": 30, "黄金C(ダイワメジャー)": 10, 
    "次世代(母父カナロア)": 15, "梅田智之": 15, "安田翔伍": 15, "本田優": 15, "手塚貴久": 15, 
    "西村淳也": 15, "岩田望来": 15, "横山和生": 15, "松若風馬": 15, 
    "母父カナロア×西村/岩田望": 15, "母父カナロア芝×石坂/笹田": 20,
    "ユニオン": 12, "ロードHC": 15, "テンP15": 15, "テンP30": 8, 
    "上がりP15": 15, "上がりP30": 8, "内枠ボーナス": 8, "短縮ショック": 15
}

@st.cache_data(ttl=60)
def get_adaptive_weights():
    weights = base_weights.copy()
    if not os.path.exists(HISTORY_FILE): return weights
    try:
        df_h = pd.read_csv(HISTORY_FILE)
        if not df_h.empty and '適用要素' in df_h.columns and '着順' in df_h.columns:
            df_h['適用要素'] = df_h['適用要素'].fillna('').astype(str)
            df_h['着順'] = pd.to_numeric(df_h['着順'], errors='coerce')
            rank_map = {'A':1, 'B':2, 'C':3, 'D':4, 'E':5}
            df_h['成功'] = (df_h['着順'] <= 3) | (df_h['着順'] < df_h['人気ランク'].map(rank_map))
            for f in weights.keys():
                rel = df_h[df_h['適用要素'].str.contains(f.replace('(', r'\(').replace(')', r'\)'), na=False, regex=True)].dropna(subset=['着順'])
                if len(rel) >= 5: 
                    wins = rel['成功'].sum()
                    adj = max(0.3, min(1.5, (2 + wins) / (10 + len(rel)) / 0.2))
                    weights[f] = int(round(weights[f] * adj))
    except: pass
    return weights

# ======================================================
# 💰 3. クオンツ・エンジン
# ======================================================
def calculate_true_value_and_bet(ai_score, popular_rank, odds, f_odds, top_odds, bankroll, head_count):
    if odds <= 0.0: return 0.0, 0.0, 0.0, 0
    base_win_rate = {'A': 0.30, 'B': 0.15, 'C': 0.08, 'D': 0.04, 'E': 0.02}
    if top_odds >= 4.0:
        d_rate = {"A": 0.21, "B": 0.12, "C": 0.10, "D": 0.07, "E": 0.05}
    elif top_odds <= 2.0:
        d_rate = {"A": 0.36, "B": 0.15, "C": 0.06, "D": 0.02, "E": 0.01}
    else: d_rate = base_win_rate

    final_prob = min(d_rate.get(popular_rank, 0.02) * max(0.5, ai_score/100.0), 0.40)
    true_ev = (final_prob * odds) * 100
    multiplier = 2.0 if head_count <= 10 else 2.8 if head_count >= 16 else 2.5
    place_ev = (min(final_prob * multiplier, 0.90) * f_odds) * 100 if f_odds > 0 else 0
    edge = (final_prob * odds) - 1.0
    if edge <= 0: return final_prob, true_ev, place_ev, 0
    bet_amount = int(min(bankroll * (edge / (odds - 1.0)) * 0.5, bankroll * 0.05) // 100) * 100
    return final_prob, true_ev, place_ev, bet_amount

# ======================================================
# 💻 4. メインUI（ここから input() を完全に排除）
# ======================================================
with st.sidebar:
    st.header("📋 レース基本情報")
    race_date = st.date_input("日付").strftime('%Y/%m/%d')
    race_place = st.selectbox("場", ["中山", "東京", "京都", "阪神", "中京", "新潟", "福島", "小倉", "札幌", "函館"])
    race_num = st.text_input("レース名", "11R 皐月賞")
    race_dist = st.number_input("距離", value=1200, step=100)
    race_track = st.radio("トラック", ["芝", "ダート"])
    head_count = st.number_input("頭数", value=16, min_value=5)
    bankroll = st.number_input("軍資金 (円)", value=10000)
    
    st.divider()
    st.header("🌪️ 展開・波乱度")
    # 💡 ターミナルではなく、ここに入力する！
    top_odds = st.number_input("1番人気の単勝オッズ", value=3.5, step=0.1)
    t15_c = st.number_input("テンP15頭数", value=0)
    t30_c = st.number_input("テンP30頭数", value=0)

# 展開計算
pace_score = (t15_c * 2) + t30_c
is_short = race_dist <= 1400
if pace_score >= 8: pace_diff, pace_lbl = (-40 if is_short else -25, "超激戦")
elif pace_score >= 5: pace_diff, pace_lbl = (-20 if is_short else -10, "激戦")
elif pace_score <= 2: pace_diff, pace_lbl = (25 if is_short else 15, "スロー")
else: pace_diff, pace_lbl = (0, "平均")

tab1, tab2 = st.tabs(["🏇 AI診断入力", "📈 実績ダッシュボード"])

with tab1:
    st.info(f"🌪️ 判定: **{pace_lbl}** (補正: {pace_diff}pt)")
    
    if 'h_count' not in st.session_state: st.session_state.h_count = 1
    def add_h(): st.session_state.h_count += 1
    
    user_data = []
    for i in range(st.session_state.h_count):
        with st.expander(f"🐴 馬 {i+1} 頭目", expanded=True):
            col1, col2, col3, col4 = st.columns(4)
            with col1: name = st.text_input("馬名", key=f"n_{i}")
            with col2: t_type = st.selectbox("タイプ", ["父カナロア", "母父カナロア", "タワーオブロンドン"], key=f"t_{i}")
            with col3: sex = st.selectbox("性別", ["牡", "牝", "セ"], key=f"s_{i}")
            with col4: p_dist = st.number_input("前走距離", value=1200, key=f"pd_{i}")
            
            col5, col6, col7 = st.columns(3)
            with col5: waku = st.number_input("枠", 1, 8, key=f"w_{i}")
            with col6: jockey = st.text_input("騎手", key=f"j_{i}")
            with col7: m_father = st.text_input("母父(父)", key=f"mf_{i}")
            
            col8, col9, col10, col11, col12 = st.columns(5)
            with col8: rank = st.selectbox("人気", ["A","B","C","D","E"], index=2, key=f"r_{i}")
            with col9: odds = st.number_input("単勝オッズ", value=10.0, key=f"o_{i}")
            with col10: f_odds = st.number_input("複勝オッズ", value=2.0, key=f"f_{i}")
            with col11: tp = st.selectbox("テンP", ["なし","15","30","50"], key=f"tp_{i}")
            with col12: up = st.selectbox("上がりP", ["なし","15","30"], key=f"up_{i}")
            
            if name: user_data.append({'名前':name, 'タイプ':t_type, '性別':sex, '前走距離':p_dist, '枠':waku, '騎手':jockey, 'ランク':rank, 'オッズ':odds, '複オッズ':f_odds, 'tp':tp, 'up':up, '母父':m_father})

    st.button("➕ 馬を追加", on_click=add_h)

    if st.button("🚀 AI診断を実行", type="primary", use_container_width=True):
        weights = get_adaptive_weights()
        final_list = []
        for h in user_data:
            roi = 80; factors = [h['タイプ']]
            if h['タイプ'] == "父カナロア":
                if '芝' in race_track:
                    if h['性別'] != 'セ' and h['前走距離'] > race_dist: roi += 20; factors.append("短縮(芝)")
                if h['tp'] == '15': roi += weights.get("テンP15", 15) + (8 if h['枠'] <= 3 else 0) + pace_diff
            
            # 共通計算
            prob, true_ev, place_ev, bet = calculate_true_value_and_bet(roi, h['ランク'], h['オッズ'], h['複オッズ'], top_odds, bankroll, head_count)
            st.success(f"### {h['名前']}: 期待値 {true_ev:.1f}% / 推奨 {bet}円")
            final_list.append({'日付': race_date, '場': race_place, '馬名': h['名前'], '予想期待値': true_ev, '着順': ""})
            
        if final_list:
            df_new = pd.DataFrame(final_list)
            if os.path.exists(HISTORY_FILE): df_new = pd.concat([pd.read_csv(HISTORY_FILE), df_new], ignore_index=True)
            df_new.to_csv(HISTORY_FILE, index=False)
            st.write("✅ 保存しました。")